
Microsoft Visual Studio Solution File, Format Version 11.00
# Visual Studio 2010
Project("{FAE04EC0-301F-11D3-BF4B-00C04F79EFBC}") = "MobileAirHockeyGame", "Assembly-CSharp.csproj", "{B71CF07E-1039-7912-FC2C-BD2CF8141F4D}"
EndProject
Project("{FAE04EC0-301F-11D3-BF4B-00C04F79EFBC}") = "MobileAirHockeyGame", "Assembly-CSharp-firstpass.csproj", "{7369D8CC-2221-6C53-5287-57D465F99DFF}"
EndProject
Project("{FAE04EC0-301F-11D3-BF4B-00C04F79EFBC}") = "MobileAirHockeyGame", "Assembly-CSharp-Editor-firstpass.csproj", "{B85D55B4-B309-A4D5-92E8-D21E83F8DE7F}"
EndProject
Project("{FAE04EC0-301F-11D3-BF4B-00C04F79EFBC}") = "MobileAirHockeyGame", "Assembly-CSharp-Editor.csproj", "{BBB2DB7E-4F47-FB04-DB10-EC46C9D25A65}"
EndProject
Global
	GlobalSection(SolutionConfigurationPlatforms) = preSolution
		Debug|Any CPU = Debug|Any CPU
		Release|Any CPU = Release|Any CPU
	EndGlobalSection
	GlobalSection(ProjectConfigurationPlatforms) = postSolution
		{B71CF07E-1039-7912-FC2C-BD2CF8141F4D}.Debug|Any CPU.ActiveCfg = Debug|Any CPU
		{B71CF07E-1039-7912-FC2C-BD2CF8141F4D}.Debug|Any CPU.Build.0 = Debug|Any CPU
		{B71CF07E-1039-7912-FC2C-BD2CF8141F4D}.Release|Any CPU.ActiveCfg = Release|Any CPU
		{B71CF07E-1039-7912-FC2C-BD2CF8141F4D}.Release|Any CPU.Build.0 = Release|Any CPU
		{7369D8CC-2221-6C53-5287-57D465F99DFF}.Debug|Any CPU.ActiveCfg = Debug|Any CPU
		{7369D8CC-2221-6C53-5287-57D465F99DFF}.Debug|Any CPU.Build.0 = Debug|Any CPU
		{7369D8CC-2221-6C53-5287-57D465F99DFF}.Release|Any CPU.ActiveCfg = Release|Any CPU
		{7369D8CC-2221-6C53-5287-57D465F99DFF}.Release|Any CPU.Build.0 = Release|Any CPU
		{B85D55B4-B309-A4D5-92E8-D21E83F8DE7F}.Debug|Any CPU.ActiveCfg = Debug|Any CPU
		{B85D55B4-B309-A4D5-92E8-D21E83F8DE7F}.Debug|Any CPU.Build.0 = Debug|Any CPU
		{B85D55B4-B309-A4D5-92E8-D21E83F8DE7F}.Release|Any CPU.ActiveCfg = Release|Any CPU
		{B85D55B4-B309-A4D5-92E8-D21E83F8DE7F}.Release|Any CPU.Build.0 = Release|Any CPU
		{BBB2DB7E-4F47-FB04-DB10-EC46C9D25A65}.Debug|Any CPU.ActiveCfg = Debug|Any CPU
		{BBB2DB7E-4F47-FB04-DB10-EC46C9D25A65}.Debug|Any CPU.Build.0 = Debug|Any CPU
		{BBB2DB7E-4F47-FB04-DB10-EC46C9D25A65}.Release|Any CPU.ActiveCfg = Release|Any CPU
		{BBB2DB7E-4F47-FB04-DB10-EC46C9D25A65}.Release|Any CPU.Build.0 = Release|Any CPU
	EndGlobalSection
	GlobalSection(SolutionProperties) = preSolution
		HideSolutionNode = FALSE
	EndGlobalSection
	GlobalSection(MonoDevelopProperties) = preSolution
		StartupItem = Assembly-CSharp.csproj
	EndGlobalSection
EndGlobal
